
Microsoft Visual Studio Solution File, Format Version 12.00
# Visual Studio 2015
Project("{FAE04EC0-301F-11D3-BF4B-00C04F79EFBC}") = "UnityVS.faroe2.CSharp.Plugins", "UnityVS.faroe2.CSharp.Plugins.csproj", "{788FC5D6-2761-E471-1BAB-4E853F07D0E2}"
EndProject
Project("{FAE04EC0-301F-11D3-BF4B-00C04F79EFBC}") = "UnityVS.faroe2.CSharp", "UnityVS.faroe2.CSharp.csproj", "{67B0A370-8189-58D6-D6D9-29B6DD6D2930}"
EndProject
Project("{FAE04EC0-301F-11D3-BF4B-00C04F79EFBC}") = "UnityVS.faroe2.CSharp.Editor", "UnityVS.faroe2.CSharp.Editor.csproj", "{8FE20470-FE6F-0682-398B-AF68A86E1F96}"
EndProject
Global
	GlobalSection(SolutionConfigurationPlatforms) = preSolution
		Debug|Any CPU = Debug|Any CPU
		Release|Any CPU = Release|Any CPU
	EndGlobalSection
	GlobalSection(ProjectConfigurationPlatforms) = postSolution
		{788FC5D6-2761-E471-1BAB-4E853F07D0E2}.Debug|Any CPU.ActiveCfg = Debug|Any CPU
		{788FC5D6-2761-E471-1BAB-4E853F07D0E2}.Debug|Any CPU.Build.0 = Debug|Any CPU
		{788FC5D6-2761-E471-1BAB-4E853F07D0E2}.Release|Any CPU.ActiveCfg = Release|Any CPU
		{788FC5D6-2761-E471-1BAB-4E853F07D0E2}.Release|Any CPU.Build.0 = Release|Any CPU
		{67B0A370-8189-58D6-D6D9-29B6DD6D2930}.Debug|Any CPU.ActiveCfg = Debug|Any CPU
		{67B0A370-8189-58D6-D6D9-29B6DD6D2930}.Debug|Any CPU.Build.0 = Debug|Any CPU
		{67B0A370-8189-58D6-D6D9-29B6DD6D2930}.Release|Any CPU.ActiveCfg = Release|Any CPU
		{67B0A370-8189-58D6-D6D9-29B6DD6D2930}.Release|Any CPU.Build.0 = Release|Any CPU
		{8FE20470-FE6F-0682-398B-AF68A86E1F96}.Debug|Any CPU.ActiveCfg = Debug|Any CPU
		{8FE20470-FE6F-0682-398B-AF68A86E1F96}.Debug|Any CPU.Build.0 = Debug|Any CPU
		{8FE20470-FE6F-0682-398B-AF68A86E1F96}.Release|Any CPU.ActiveCfg = Release|Any CPU
		{8FE20470-FE6F-0682-398B-AF68A86E1F96}.Release|Any CPU.Build.0 = Release|Any CPU
	EndGlobalSection
	GlobalSection(SolutionProperties) = preSolution
		HideSolutionNode = FALSE
	EndGlobalSection
EndGlobal
